
Microsoft Visual Studio Solution File, Format Version 12.00
# Visual Studio Version 16
VisualStudioVersion = 16.0.30804.86
MinimumVisualStudioVersion = 10.0.40219.1
Project("{FAE04EC0-301F-11D3-BF4B-00C04F79EFBC}") = "Monopoly", "Monopoly\Monopoly.csproj", "{66B9E3CC-BEAF-4FE3-AC7F-4A94B9334B0C}"
EndProject
Project("{FAE04EC0-301F-11D3-BF4B-00C04F79EFBC}") = "MonopolyTest", "MonopolyTest\MonopolyTest.csproj", "{08B96AD7-0EAD-4E6E-A9B2-80123ECE31EF}"
EndProject
Global
	GlobalSection(SolutionConfigurationPlatforms) = preSolution
		Debug|Any CPU = Debug|Any CPU
		Release|Any CPU = Release|Any CPU
	EndGlobalSection
	GlobalSection(ProjectConfigurationPlatforms) = postSolution
		{66B9E3CC-BEAF-4FE3-AC7F-4A94B9334B0C}.Debug|Any CPU.ActiveCfg = Debug|Any CPU
		{66B9E3CC-BEAF-4FE3-AC7F-4A94B9334B0C}.Debug|Any CPU.Build.0 = Debug|Any CPU
		{66B9E3CC-BEAF-4FE3-AC7F-4A94B9334B0C}.Release|Any CPU.ActiveCfg = Release|Any CPU
		{66B9E3CC-BEAF-4FE3-AC7F-4A94B9334B0C}.Release|Any CPU.Build.0 = Release|Any CPU
		{08B96AD7-0EAD-4E6E-A9B2-80123ECE31EF}.Debug|Any CPU.ActiveCfg = Debug|Any CPU
		{08B96AD7-0EAD-4E6E-A9B2-80123ECE31EF}.Debug|Any CPU.Build.0 = Debug|Any CPU
		{08B96AD7-0EAD-4E6E-A9B2-80123ECE31EF}.Release|Any CPU.ActiveCfg = Release|Any CPU
		{08B96AD7-0EAD-4E6E-A9B2-80123ECE31EF}.Release|Any CPU.Build.0 = Release|Any CPU
	EndGlobalSection
	GlobalSection(SolutionProperties) = preSolution
		HideSolutionNode = FALSE
	EndGlobalSection
	GlobalSection(ExtensibilityGlobals) = postSolution
		SolutionGuid = {10A86C28-2B25-464C-BFA9-14FC979E8C61}
	EndGlobalSection
EndGlobal
