
Microsoft Visual Studio Solution File, Format Version 12.00
# Visual Studio Version 16
VisualStudioVersion = 16.0.30804.86
MinimumVisualStudioVersion = 10.0.40219.1
Project("{FAE04EC0-301F-11D3-BF4B-00C04F79EFBC}") = "CustomQueue", "CustomQueue\CustomQueue.csproj", "{D9994302-FF09-4006-87C9-043109EE824D}"
EndProject
Project("{9A19103F-16F7-4668-BE54-9A1E7A4F7556}") = "CustomQueueTest", "CustomQueueTest\CustomQueueTest.csproj", "{47A3661C-7F93-4621-AF0E-B0E6E1F56962}"
EndProject
Global
	GlobalSection(SolutionConfigurationPlatforms) = preSolution
		Debug|Any CPU = Debug|Any CPU
		Release|Any CPU = Release|Any CPU
	EndGlobalSection
	GlobalSection(ProjectConfigurationPlatforms) = postSolution
		{D9994302-FF09-4006-87C9-043109EE824D}.Debug|Any CPU.ActiveCfg = Debug|Any CPU
		{D9994302-FF09-4006-87C9-043109EE824D}.Debug|Any CPU.Build.0 = Debug|Any CPU
		{D9994302-FF09-4006-87C9-043109EE824D}.Release|Any CPU.ActiveCfg = Release|Any CPU
		{D9994302-FF09-4006-87C9-043109EE824D}.Release|Any CPU.Build.0 = Release|Any CPU
		{47A3661C-7F93-4621-AF0E-B0E6E1F56962}.Debug|Any CPU.ActiveCfg = Debug|Any CPU
		{47A3661C-7F93-4621-AF0E-B0E6E1F56962}.Debug|Any CPU.Build.0 = Debug|Any CPU
		{47A3661C-7F93-4621-AF0E-B0E6E1F56962}.Release|Any CPU.ActiveCfg = Release|Any CPU
		{47A3661C-7F93-4621-AF0E-B0E6E1F56962}.Release|Any CPU.Build.0 = Release|Any CPU
	EndGlobalSection
	GlobalSection(SolutionProperties) = preSolution
		HideSolutionNode = FALSE
	EndGlobalSection
	GlobalSection(ExtensibilityGlobals) = postSolution
		SolutionGuid = {181D1C1B-2D26-4EC1-A822-4F28DBBD30B9}
	EndGlobalSection
EndGlobal
